
Microsoft Visual Studio Solution File, Format Version 12.00
# Visual Studio Version 17
VisualStudioVersion = 17.5.33516.290
MinimumVisualStudioVersion = 10.0.40219.1
Project("{FAE04EC0-301F-11D3-BF4B-00C04F79EFBC}") = "LamaczeSzyfru.AspNetCoreApp", "LamaczeSzyfru.AspNetCoreApp.csproj", "{09F6AE9E-44CA-4FD3-9ED2-06FBA6FA9BD8}"
EndProject
Global
	GlobalSection(SolutionConfigurationPlatforms) = preSolution
		Debug|Any CPU = Debug|Any CPU
		Release|Any CPU = Release|Any CPU
	EndGlobalSection
	GlobalSection(ProjectConfigurationPlatforms) = postSolution
		{09F6AE9E-44CA-4FD3-9ED2-06FBA6FA9BD8}.Debug|Any CPU.ActiveCfg = Debug|Any CPU
		{09F6AE9E-44CA-4FD3-9ED2-06FBA6FA9BD8}.Debug|Any CPU.Build.0 = Debug|Any CPU
		{09F6AE9E-44CA-4FD3-9ED2-06FBA6FA9BD8}.Release|Any CPU.ActiveCfg = Release|Any CPU
		{09F6AE9E-44CA-4FD3-9ED2-06FBA6FA9BD8}.Release|Any CPU.Build.0 = Release|Any CPU
	EndGlobalSection
	GlobalSection(SolutionProperties) = preSolution
		HideSolutionNode = FALSE
	EndGlobalSection
	GlobalSection(ExtensibilityGlobals) = postSolution
		SolutionGuid = {519F49E7-7EDD-433F-8234-983B6D7C2A9E}
	EndGlobalSection
EndGlobal
